
Microsoft Visual Studio Solution File, Format Version 12.00
# Visual Studio Version 17
VisualStudioVersion = 17.14.36429.23
MinimumVisualStudioVersion = 10.0.40219.1
Project("{2150E333-8FDC-42A3-9474-1A3956D46DE8}") = "Task0", "Task0", "{02EA681E-C7D8-13C7-8484-4AC65E1B71E8}"
EndProject
Project("{FAE04EC0-301F-11D3-BF4B-00C04F79EFBC}") = "Tyuiu.MakarovAY.Sprint5.Task0.V22", "Tyuiu.MakarovAY.Sprint5.Task0.V22\Tyuiu.MakarovAY.Sprint5.Task0.V22.csproj", "{39D42E93-95BF-44E0-B58B-9B7F994C1FE2}"
EndProject
Project("{FAE04EC0-301F-11D3-BF4B-00C04F79EFBC}") = "Tyuiu.MakarovAY.Sprint5.Task0.V22.Lib", "Tyuiu.MakarovAY.Sprint5.Task0.V22.Lib\Tyuiu.MakarovAY.Sprint5.Task0.V22.Lib.csproj", "{00BADA21-7ECF-446E-B9FC-DB9B74D9A697}"
EndProject
Project("{FAE04EC0-301F-11D3-BF4B-00C04F79EFBC}") = "Tyuiu.MakarovAY.Sprint5.Task0.V22.Test", "Tyuiu.MakarovAY.Sprint5.Task0.V22.Test\Tyuiu.MakarovAY.Sprint5.Task0.V22.Test.csproj", "{516BD583-5112-429F-9DB7-3F1921FFC3C1}"
EndProject
Project("{2150E333-8FDC-42A3-9474-1A3956D46DE8}") = "Task1", "Task1", "{DECB0BF0-F084-44D7-AC94-C76CF2AAD03D}"
EndProject
Project("{FAE04EC0-301F-11D3-BF4B-00C04F79EFBC}") = "Tyuiu.MakarovAY.Sprint5.Task1.V25", "Tyuiu.MakarovAY.Sprint5.Task1.V25\Tyuiu.MakarovAY.Sprint5.Task1.V25.csproj", "{4EBD5402-63F8-42B7-B7E2-F271DA923766}"
EndProject
Project("{FAE04EC0-301F-11D3-BF4B-00C04F79EFBC}") = "Tyuiu.MakarovAY.Sprint5.Task1.V25.Lib", "Tyuiu.MakarovAY.Sprint5.Task1.V25.Lib\Tyuiu.MakarovAY.Sprint5.Task1.V25.Lib.csproj", "{1377B994-494A-42E8-A11E-FA3153FA65DE}"
EndProject
Project("{FAE04EC0-301F-11D3-BF4B-00C04F79EFBC}") = "Tyuiu.MakarovAY.Sprint5.Task1.V25.Test", "Tyuiu.MakarovAY.Sprint5.Task1.V25.Test\Tyuiu.MakarovAY.Sprint5.Task1.V25.Test.csproj", "{14408461-6243-4D09-AC35-DD3B6FDC2D9B}"
EndProject
Project("{2150E333-8FDC-42A3-9474-1A3956D46DE8}") = "Task2", "Task2", "{671191EC-F34A-4EE3-B5AF-1801784B409C}"
EndProject
Project("{FAE04EC0-301F-11D3-BF4B-00C04F79EFBC}") = "Tyuiu.MakarovAY.Sprint5.Task2.V16", "Tyuiu.MakarovAY.Sprint5.Task2.V16\Tyuiu.MakarovAY.Sprint5.Task2.V16.csproj", "{84569A92-1409-4E69-9FEA-DC17E89662EC}"
EndProject
Project("{FAE04EC0-301F-11D3-BF4B-00C04F79EFBC}") = "Tyuiu.MakarovAY.Sprint5.Task2.V16.Lib", "Tyuiu.MakarovAY.Sprint5.Task2.V16.Lib\Tyuiu.MakarovAY.Sprint5.Task2.V16.Lib.csproj", "{3210E171-3E76-4223-BD21-9606B315D186}"
EndProject
Project("{FAE04EC0-301F-11D3-BF4B-00C04F79EFBC}") = "Tyuiu.MakarovAY.Sprint5.Task2.V16.Test", "Tyuiu.MakarovAY.Sprint5.Task2.V16.Test\Tyuiu.MakarovAY.Sprint5.Task2.V16.Test.csproj", "{C450DC13-246B-4B49-966C-9ADC780313F0}"
EndProject
Global
	GlobalSection(SolutionConfigurationPlatforms) = preSolution
		Debug|Any CPU = Debug|Any CPU
		Release|Any CPU = Release|Any CPU
	EndGlobalSection
	GlobalSection(ProjectConfigurationPlatforms) = postSolution
		{39D42E93-95BF-44E0-B58B-9B7F994C1FE2}.Debug|Any CPU.ActiveCfg = Debug|Any CPU
		{39D42E93-95BF-44E0-B58B-9B7F994C1FE2}.Debug|Any CPU.Build.0 = Debug|Any CPU
		{39D42E93-95BF-44E0-B58B-9B7F994C1FE2}.Release|Any CPU.ActiveCfg = Release|Any CPU
		{39D42E93-95BF-44E0-B58B-9B7F994C1FE2}.Release|Any CPU.Build.0 = Release|Any CPU
		{00BADA21-7ECF-446E-B9FC-DB9B74D9A697}.Debug|Any CPU.ActiveCfg = Debug|Any CPU
		{00BADA21-7ECF-446E-B9FC-DB9B74D9A697}.Debug|Any CPU.Build.0 = Debug|Any CPU
		{00BADA21-7ECF-446E-B9FC-DB9B74D9A697}.Release|Any CPU.ActiveCfg = Release|Any CPU
		{00BADA21-7ECF-446E-B9FC-DB9B74D9A697}.Release|Any CPU.Build.0 = Release|Any CPU
		{516BD583-5112-429F-9DB7-3F1921FFC3C1}.Debug|Any CPU.ActiveCfg = Debug|Any CPU
		{516BD583-5112-429F-9DB7-3F1921FFC3C1}.Debug|Any CPU.Build.0 = Debug|Any CPU
		{516BD583-5112-429F-9DB7-3F1921FFC3C1}.Release|Any CPU.ActiveCfg = Release|Any CPU
		{516BD583-5112-429F-9DB7-3F1921FFC3C1}.Release|Any CPU.Build.0 = Release|Any CPU
		{4EBD5402-63F8-42B7-B7E2-F271DA923766}.Debug|Any CPU.ActiveCfg = Debug|Any CPU
		{4EBD5402-63F8-42B7-B7E2-F271DA923766}.Debug|Any CPU.Build.0 = Debug|Any CPU
		{4EBD5402-63F8-42B7-B7E2-F271DA923766}.Release|Any CPU.ActiveCfg = Release|Any CPU
		{4EBD5402-63F8-42B7-B7E2-F271DA923766}.Release|Any CPU.Build.0 = Release|Any CPU
		{1377B994-494A-42E8-A11E-FA3153FA65DE}.Debug|Any CPU.ActiveCfg = Debug|Any CPU
		{1377B994-494A-42E8-A11E-FA3153FA65DE}.Debug|Any CPU.Build.0 = Debug|Any CPU
		{1377B994-494A-42E8-A11E-FA3153FA65DE}.Release|Any CPU.ActiveCfg = Release|Any CPU
		{1377B994-494A-42E8-A11E-FA3153FA65DE}.Release|Any CPU.Build.0 = Release|Any CPU
		{14408461-6243-4D09-AC35-DD3B6FDC2D9B}.Debug|Any CPU.ActiveCfg = Debug|Any CPU
		{14408461-6243-4D09-AC35-DD3B6FDC2D9B}.Debug|Any CPU.Build.0 = Debug|Any CPU
		{14408461-6243-4D09-AC35-DD3B6FDC2D9B}.Release|Any CPU.ActiveCfg = Release|Any CPU
		{14408461-6243-4D09-AC35-DD3B6FDC2D9B}.Release|Any CPU.Build.0 = Release|Any CPU
		{84569A92-1409-4E69-9FEA-DC17E89662EC}.Debug|Any CPU.ActiveCfg = Debug|Any CPU
		{84569A92-1409-4E69-9FEA-DC17E89662EC}.Debug|Any CPU.Build.0 = Debug|Any CPU
		{84569A92-1409-4E69-9FEA-DC17E89662EC}.Release|Any CPU.ActiveCfg = Release|Any CPU
		{84569A92-1409-4E69-9FEA-DC17E89662EC}.Release|Any CPU.Build.0 = Release|Any CPU
		{3210E171-3E76-4223-BD21-9606B315D186}.Debug|Any CPU.ActiveCfg = Debug|Any CPU
		{3210E171-3E76-4223-BD21-9606B315D186}.Debug|Any CPU.Build.0 = Debug|Any CPU
		{3210E171-3E76-4223-BD21-9606B315D186}.Release|Any CPU.ActiveCfg = Release|Any CPU
		{3210E171-3E76-4223-BD21-9606B315D186}.Release|Any CPU.Build.0 = Release|Any CPU
		{C450DC13-246B-4B49-966C-9ADC780313F0}.Debug|Any CPU.ActiveCfg = Debug|Any CPU
		{C450DC13-246B-4B49-966C-9ADC780313F0}.Debug|Any CPU.Build.0 = Debug|Any CPU
		{C450DC13-246B-4B49-966C-9ADC780313F0}.Release|Any CPU.ActiveCfg = Release|Any CPU
		{C450DC13-246B-4B49-966C-9ADC780313F0}.Release|Any CPU.Build.0 = Release|Any CPU
	EndGlobalSection
	GlobalSection(SolutionProperties) = preSolution
		HideSolutionNode = FALSE
	EndGlobalSection
	GlobalSection(NestedProjects) = preSolution
		{39D42E93-95BF-44E0-B58B-9B7F994C1FE2} = {02EA681E-C7D8-13C7-8484-4AC65E1B71E8}
		{00BADA21-7ECF-446E-B9FC-DB9B74D9A697} = {02EA681E-C7D8-13C7-8484-4AC65E1B71E8}
		{516BD583-5112-429F-9DB7-3F1921FFC3C1} = {02EA681E-C7D8-13C7-8484-4AC65E1B71E8}
		{4EBD5402-63F8-42B7-B7E2-F271DA923766} = {DECB0BF0-F084-44D7-AC94-C76CF2AAD03D}
		{1377B994-494A-42E8-A11E-FA3153FA65DE} = {DECB0BF0-F084-44D7-AC94-C76CF2AAD03D}
		{14408461-6243-4D09-AC35-DD3B6FDC2D9B} = {DECB0BF0-F084-44D7-AC94-C76CF2AAD03D}
		{84569A92-1409-4E69-9FEA-DC17E89662EC} = {671191EC-F34A-4EE3-B5AF-1801784B409C}
		{3210E171-3E76-4223-BD21-9606B315D186} = {671191EC-F34A-4EE3-B5AF-1801784B409C}
		{C450DC13-246B-4B49-966C-9ADC780313F0} = {671191EC-F34A-4EE3-B5AF-1801784B409C}
	EndGlobalSection
	GlobalSection(ExtensibilityGlobals) = postSolution
		SolutionGuid = {01C70739-BDC8-43F0-9B5C-A2D693A16565}
	EndGlobalSection
EndGlobal
