
Microsoft Visual Studio Solution File, Format Version 12.00
# Visual Studio Version 17
VisualStudioVersion = 17.14.36429.23
MinimumVisualStudioVersion = 10.0.40219.1
Project("{2150E333-8FDC-42A3-9474-1A3956D46DE8}") = "Task0", "Task0", "{02EA681E-C7D8-13C7-8484-4AC65E1B71E8}"
EndProject
Project("{FAE04EC0-301F-11D3-BF4B-00C04F79EFBC}") = "Tyuiu.MakarovAY.Sprint5.Task0.V22", "Tyuiu.MakarovAY.Sprint5.Task0.V22\Tyuiu.MakarovAY.Sprint5.Task0.V22.csproj", "{39D42E93-95BF-44E0-B58B-9B7F994C1FE2}"
EndProject
Project("{FAE04EC0-301F-11D3-BF4B-00C04F79EFBC}") = "Tyuiu.MakarovAY.Sprint5.Task0.V22.Lib", "Tyuiu.MakarovAY.Sprint5.Task0.V22.Lib\Tyuiu.MakarovAY.Sprint5.Task0.V22.Lib.csproj", "{00BADA21-7ECF-446E-B9FC-DB9B74D9A697}"
EndProject
Project("{FAE04EC0-301F-11D3-BF4B-00C04F79EFBC}") = "Tyuiu.MakarovAY.Sprint5.Task0.V22.Test", "Tyuiu.MakarovAY.Sprint5.Task0.V22.Test\Tyuiu.MakarovAY.Sprint5.Task0.V22.Test.csproj", "{516BD583-5112-429F-9DB7-3F1921FFC3C1}"
EndProject
Project("{2150E333-8FDC-42A3-9474-1A3956D46DE8}") = "Task1", "Task1", "{DECB0BF0-F084-44D7-AC94-C76CF2AAD03D}"
EndProject
Project("{FAE04EC0-301F-11D3-BF4B-00C04F79EFBC}") = "Tyuiu.MakarovAY.Sprint5.Task1.V25", "Tyuiu.MakarovAY.Sprint5.Task1.V25\Tyuiu.MakarovAY.Sprint5.Task1.V25.csproj", "{4EBD5402-63F8-42B7-B7E2-F271DA923766}"
EndProject
Project("{FAE04EC0-301F-11D3-BF4B-00C04F79EFBC}") = "Tyuiu.MakarovAY.Sprint5.Task1.V25.Lib", "Tyuiu.MakarovAY.Sprint5.Task1.V25.Lib\Tyuiu.MakarovAY.Sprint5.Task1.V25.Lib.csproj", "{1377B994-494A-42E8-A11E-FA3153FA65DE}"
EndProject
Project("{FAE04EC0-301F-11D3-BF4B-00C04F79EFBC}") = "Tyuiu.MakarovAY.Sprint5.Task1.V25.Test", "Tyuiu.MakarovAY.Sprint5.Task1.V25.Test\Tyuiu.MakarovAY.Sprint5.Task1.V25.Test.csproj", "{14408461-6243-4D09-AC35-DD3B6FDC2D9B}"
EndProject
Project("{2150E333-8FDC-42A3-9474-1A3956D46DE8}") = "Task2", "Task2", "{671191EC-F34A-4EE3-B5AF-1801784B409C}"
EndProject
Project("{FAE04EC0-301F-11D3-BF4B-00C04F79EFBC}") = "Tyuiu.MakarovAY.Sprint5.Task2.V16", "Tyuiu.MakarovAY.Sprint5.Task2.V16\Tyuiu.MakarovAY.Sprint5.Task2.V16.csproj", "{84569A92-1409-4E69-9FEA-DC17E89662EC}"
EndProject
Project("{FAE04EC0-301F-11D3-BF4B-00C04F79EFBC}") = "Tyuiu.MakarovAY.Sprint5.Task2.V16.Lib", "Tyuiu.MakarovAY.Sprint5.Task2.V16.Lib\Tyuiu.MakarovAY.Sprint5.Task2.V16.Lib.csproj", "{3210E171-3E76-4223-BD21-9606B315D186}"
EndProject
Project("{FAE04EC0-301F-11D3-BF4B-00C04F79EFBC}") = "Tyuiu.MakarovAY.Sprint5.Task2.V16.Test", "Tyuiu.MakarovAY.Sprint5.Task2.V16.Test\Tyuiu.MakarovAY.Sprint5.Task2.V16.Test.csproj", "{C450DC13-246B-4B49-966C-9ADC780313F0}"
EndProject
Project("{2150E333-8FDC-42A3-9474-1A3956D46DE8}") = "Task3", "Task3", "{0E6E48D4-E47C-47E4-B6F8-D169810D8FF4}"
EndProject
Project("{FAE04EC0-301F-11D3-BF4B-00C04F79EFBC}") = "Tyuiu.MakarovAY.Sprint5.Task3.V23", "Tyuiu.MakarovAY.Sprint5.Task3.V23\Tyuiu.MakarovAY.Sprint5.Task3.V23.csproj", "{BAC5017D-DA4B-4EB9-B20F-F4A877946037}"
EndProject
Project("{FAE04EC0-301F-11D3-BF4B-00C04F79EFBC}") = "Tyuiu.MakarovAY.Sprint5.Task3.V23.Lib", "Tyuiu.MakarovAY.Sprint5.Task3.V23.Lib\Tyuiu.MakarovAY.Sprint5.Task3.V23.Lib.csproj", "{F0662A3C-C544-447D-848A-88DE2E7FF87A}"
EndProject
Project("{FAE04EC0-301F-11D3-BF4B-00C04F79EFBC}") = "Tyuiu.MakarovAY.Sprint5.Task3.V23.Test", "Tyuiu.MakarovAY.Sprint5.Task3.V23.Test\Tyuiu.MakarovAY.Sprint5.Task3.V23.Test.csproj", "{503F503B-A5D3-490C-BBB7-B5D719F900D6}"
EndProject
Project("{2150E333-8FDC-42A3-9474-1A3956D46DE8}") = "Task4", "Task4", "{A29952BB-ADDC-4150-B67D-BF38AFEDCFB8}"
EndProject
Project("{FAE04EC0-301F-11D3-BF4B-00C04F79EFBC}") = "Tyuiu.MakarovAY.Sprint5.Task4.V5", "Tyuiu.MakarovAY.Sprint5.Task4.V5\Tyuiu.MakarovAY.Sprint5.Task4.V5.csproj", "{DD82A1BA-A3FB-493E-ABC7-91C9C256EE07}"
EndProject
Project("{FAE04EC0-301F-11D3-BF4B-00C04F79EFBC}") = "Tyuiu.MakarovAY.Sprint5.Task4.V5.Lib", "Tyuiu.MakarovAY.Sprint5.Task4.V5.Lib\Tyuiu.MakarovAY.Sprint5.Task4.V5.Lib.csproj", "{8C972C19-99DD-46FB-8B4A-7746EB92ACE7}"
EndProject
Project("{FAE04EC0-301F-11D3-BF4B-00C04F79EFBC}") = "Tyuiu.MakarovAY.Sprint5.Task4.V5.Test", "Tyuiu.MakarovAY.Sprint5.Task4.V5.Test\Tyuiu.MakarovAY.Sprint5.Task4.V5.Test.csproj", "{AF804B1B-9CAD-4212-9F9A-AC5CD2CB9062}"
EndProject
Project("{2150E333-8FDC-42A3-9474-1A3956D46DE8}") = "Task5", "Task5", "{B1106CD0-1925-4AD4-8467-3C6FAA8B213E}"
EndProject
Project("{FAE04EC0-301F-11D3-BF4B-00C04F79EFBC}") = "Tyuiu.MakarovAY.Sprint5.Task5.V23", "Tyuiu.MakarovAY.Sprint5.Task5.V23\Tyuiu.MakarovAY.Sprint5.Task5.V23.csproj", "{C47AA0CA-38D8-4B6D-97B5-32278D2BBB48}"
EndProject
Project("{FAE04EC0-301F-11D3-BF4B-00C04F79EFBC}") = "Tyuiu.MakarovAY.Sprint5.Task5.V23.Lib", "Tyuiu.MakarovAY.Sprint5.Task5.V23.Lib\Tyuiu.MakarovAY.Sprint5.Task5.V23.Lib.csproj", "{674F227B-B427-4A18-96FA-487DC6311001}"
EndProject
Project("{FAE04EC0-301F-11D3-BF4B-00C04F79EFBC}") = "Tyuiu.MakarovAY.Sprint5.Task5.V23.Test", "Tyuiu.MakarovAY.Sprint5.Task5.V23.Test\Tyuiu.MakarovAY.Sprint5.Task5.V23.Test.csproj", "{818D8BEF-476B-4303-BC71-1C3B0EEA1A78}"
EndProject
Project("{2150E333-8FDC-42A3-9474-1A3956D46DE8}") = "Task6", "Task6", "{E58904B7-2880-4B57-A0CF-23DA55D29A61}"
EndProject
Project("{FAE04EC0-301F-11D3-BF4B-00C04F79EFBC}") = "Tyuiu.MakarovAY.Sprint5.Task6.V10", "Tyuiu.MakarovAY.Sprint5.Task6.V10\Tyuiu.MakarovAY.Sprint5.Task6.V10.csproj", "{D83D462A-4876-49F2-8FC1-E7B7C3B92173}"
EndProject
Project("{FAE04EC0-301F-11D3-BF4B-00C04F79EFBC}") = "Tyuiu.MakarovAY.Sprint5.Task6.V10.Lib", "Tyuiu.MakarovAY.Sprint5.Task6.V10.Lib\Tyuiu.MakarovAY.Sprint5.Task6.V10.Lib.csproj", "{6E6A7E1E-EF44-4AAC-9F2E-1E754B918624}"
EndProject
Project("{FAE04EC0-301F-11D3-BF4B-00C04F79EFBC}") = "Tyuiu.MakarovAY.Sprint5.Task6.V10.Test", "Tyuiu.MakarovAY.Sprint5.Task6.V10.Test\Tyuiu.MakarovAY.Sprint5.Task6.V10.Test.csproj", "{BC893717-B555-4274-9D3C-58F246D209BF}"
EndProject
Project("{2150E333-8FDC-42A3-9474-1A3956D46DE8}") = "Task7", "Task7", "{40DBB521-CFD1-4137-BC91-A3E5F054D958}"
EndProject
Project("{FAE04EC0-301F-11D3-BF4B-00C04F79EFBC}") = "Tyuiu.MakarovAY.Sprint5.Task7.V24", "Tyuiu.MakarovAY.Sprint5.Task7.V24\Tyuiu.MakarovAY.Sprint5.Task7.V24.csproj", "{44196F4E-3075-4027-A6D8-7ECA668C9AAA}"
EndProject
Project("{FAE04EC0-301F-11D3-BF4B-00C04F79EFBC}") = "Tyuiu.MakarovAY.Sprint5.Task7.V24.Lib", "Tyuiu.MakarovAY.Sprint5.Task7.V24.Lib\Tyuiu.MakarovAY.Sprint5.Task7.V24.Lib.csproj", "{4279D9F7-EAF2-4F8C-BACE-7D6011CDB078}"
EndProject
Project("{FAE04EC0-301F-11D3-BF4B-00C04F79EFBC}") = "Tyuiu.MakarovAY.Sprint5.Task7.V24.Test", "Tyuiu.MakarovAY.Sprint5.Task7.V24.Test\Tyuiu.MakarovAY.Sprint5.Task7.V24.Test.csproj", "{0D5F02A5-C66F-498A-AD75-B3FE481C04E0}"
EndProject
Global
	GlobalSection(SolutionConfigurationPlatforms) = preSolution
		Debug|Any CPU = Debug|Any CPU
		Release|Any CPU = Release|Any CPU
	EndGlobalSection
	GlobalSection(ProjectConfigurationPlatforms) = postSolution
		{39D42E93-95BF-44E0-B58B-9B7F994C1FE2}.Debug|Any CPU.ActiveCfg = Debug|Any CPU
		{39D42E93-95BF-44E0-B58B-9B7F994C1FE2}.Debug|Any CPU.Build.0 = Debug|Any CPU
		{39D42E93-95BF-44E0-B58B-9B7F994C1FE2}.Release|Any CPU.ActiveCfg = Release|Any CPU
		{39D42E93-95BF-44E0-B58B-9B7F994C1FE2}.Release|Any CPU.Build.0 = Release|Any CPU
		{00BADA21-7ECF-446E-B9FC-DB9B74D9A697}.Debug|Any CPU.ActiveCfg = Debug|Any CPU
		{00BADA21-7ECF-446E-B9FC-DB9B74D9A697}.Debug|Any CPU.Build.0 = Debug|Any CPU
		{00BADA21-7ECF-446E-B9FC-DB9B74D9A697}.Release|Any CPU.ActiveCfg = Release|Any CPU
		{00BADA21-7ECF-446E-B9FC-DB9B74D9A697}.Release|Any CPU.Build.0 = Release|Any CPU
		{516BD583-5112-429F-9DB7-3F1921FFC3C1}.Debug|Any CPU.ActiveCfg = Debug|Any CPU
		{516BD583-5112-429F-9DB7-3F1921FFC3C1}.Debug|Any CPU.Build.0 = Debug|Any CPU
		{516BD583-5112-429F-9DB7-3F1921FFC3C1}.Release|Any CPU.ActiveCfg = Release|Any CPU
		{516BD583-5112-429F-9DB7-3F1921FFC3C1}.Release|Any CPU.Build.0 = Release|Any CPU
		{4EBD5402-63F8-42B7-B7E2-F271DA923766}.Debug|Any CPU.ActiveCfg = Debug|Any CPU
		{4EBD5402-63F8-42B7-B7E2-F271DA923766}.Debug|Any CPU.Build.0 = Debug|Any CPU
		{4EBD5402-63F8-42B7-B7E2-F271DA923766}.Release|Any CPU.ActiveCfg = Release|Any CPU
		{4EBD5402-63F8-42B7-B7E2-F271DA923766}.Release|Any CPU.Build.0 = Release|Any CPU
		{1377B994-494A-42E8-A11E-FA3153FA65DE}.Debug|Any CPU.ActiveCfg = Debug|Any CPU
		{1377B994-494A-42E8-A11E-FA3153FA65DE}.Debug|Any CPU.Build.0 = Debug|Any CPU
		{1377B994-494A-42E8-A11E-FA3153FA65DE}.Release|Any CPU.ActiveCfg = Release|Any CPU
		{1377B994-494A-42E8-A11E-FA3153FA65DE}.Release|Any CPU.Build.0 = Release|Any CPU
		{14408461-6243-4D09-AC35-DD3B6FDC2D9B}.Debug|Any CPU.ActiveCfg = Debug|Any CPU
		{14408461-6243-4D09-AC35-DD3B6FDC2D9B}.Debug|Any CPU.Build.0 = Debug|Any CPU
		{14408461-6243-4D09-AC35-DD3B6FDC2D9B}.Release|Any CPU.ActiveCfg = Release|Any CPU
		{14408461-6243-4D09-AC35-DD3B6FDC2D9B}.Release|Any CPU.Build.0 = Release|Any CPU
		{84569A92-1409-4E69-9FEA-DC17E89662EC}.Debug|Any CPU.ActiveCfg = Debug|Any CPU
		{84569A92-1409-4E69-9FEA-DC17E89662EC}.Debug|Any CPU.Build.0 = Debug|Any CPU
		{84569A92-1409-4E69-9FEA-DC17E89662EC}.Release|Any CPU.ActiveCfg = Release|Any CPU
		{84569A92-1409-4E69-9FEA-DC17E89662EC}.Release|Any CPU.Build.0 = Release|Any CPU
		{3210E171-3E76-4223-BD21-9606B315D186}.Debug|Any CPU.ActiveCfg = Debug|Any CPU
		{3210E171-3E76-4223-BD21-9606B315D186}.Debug|Any CPU.Build.0 = Debug|Any CPU
		{3210E171-3E76-4223-BD21-9606B315D186}.Release|Any CPU.ActiveCfg = Release|Any CPU
		{3210E171-3E76-4223-BD21-9606B315D186}.Release|Any CPU.Build.0 = Release|Any CPU
		{C450DC13-246B-4B49-966C-9ADC780313F0}.Debug|Any CPU.ActiveCfg = Debug|Any CPU
		{C450DC13-246B-4B49-966C-9ADC780313F0}.Debug|Any CPU.Build.0 = Debug|Any CPU
		{C450DC13-246B-4B49-966C-9ADC780313F0}.Release|Any CPU.ActiveCfg = Release|Any CPU
		{C450DC13-246B-4B49-966C-9ADC780313F0}.Release|Any CPU.Build.0 = Release|Any CPU
		{BAC5017D-DA4B-4EB9-B20F-F4A877946037}.Debug|Any CPU.ActiveCfg = Debug|Any CPU
		{BAC5017D-DA4B-4EB9-B20F-F4A877946037}.Debug|Any CPU.Build.0 = Debug|Any CPU
		{BAC5017D-DA4B-4EB9-B20F-F4A877946037}.Release|Any CPU.ActiveCfg = Release|Any CPU
		{BAC5017D-DA4B-4EB9-B20F-F4A877946037}.Release|Any CPU.Build.0 = Release|Any CPU
		{F0662A3C-C544-447D-848A-88DE2E7FF87A}.Debug|Any CPU.ActiveCfg = Debug|Any CPU
		{F0662A3C-C544-447D-848A-88DE2E7FF87A}.Debug|Any CPU.Build.0 = Debug|Any CPU
		{F0662A3C-C544-447D-848A-88DE2E7FF87A}.Release|Any CPU.ActiveCfg = Release|Any CPU
		{F0662A3C-C544-447D-848A-88DE2E7FF87A}.Release|Any CPU.Build.0 = Release|Any CPU
		{503F503B-A5D3-490C-BBB7-B5D719F900D6}.Debug|Any CPU.ActiveCfg = Debug|Any CPU
		{503F503B-A5D3-490C-BBB7-B5D719F900D6}.Debug|Any CPU.Build.0 = Debug|Any CPU
		{503F503B-A5D3-490C-BBB7-B5D719F900D6}.Release|Any CPU.ActiveCfg = Release|Any CPU
		{503F503B-A5D3-490C-BBB7-B5D719F900D6}.Release|Any CPU.Build.0 = Release|Any CPU
		{DD82A1BA-A3FB-493E-ABC7-91C9C256EE07}.Debug|Any CPU.ActiveCfg = Debug|Any CPU
		{DD82A1BA-A3FB-493E-ABC7-91C9C256EE07}.Debug|Any CPU.Build.0 = Debug|Any CPU
		{DD82A1BA-A3FB-493E-ABC7-91C9C256EE07}.Release|Any CPU.ActiveCfg = Release|Any CPU
		{DD82A1BA-A3FB-493E-ABC7-91C9C256EE07}.Release|Any CPU.Build.0 = Release|Any CPU
		{8C972C19-99DD-46FB-8B4A-7746EB92ACE7}.Debug|Any CPU.ActiveCfg = Debug|Any CPU
		{8C972C19-99DD-46FB-8B4A-7746EB92ACE7}.Debug|Any CPU.Build.0 = Debug|Any CPU
		{8C972C19-99DD-46FB-8B4A-7746EB92ACE7}.Release|Any CPU.ActiveCfg = Release|Any CPU
		{8C972C19-99DD-46FB-8B4A-7746EB92ACE7}.Release|Any CPU.Build.0 = Release|Any CPU
		{AF804B1B-9CAD-4212-9F9A-AC5CD2CB9062}.Debug|Any CPU.ActiveCfg = Debug|Any CPU
		{AF804B1B-9CAD-4212-9F9A-AC5CD2CB9062}.Debug|Any CPU.Build.0 = Debug|Any CPU
		{AF804B1B-9CAD-4212-9F9A-AC5CD2CB9062}.Release|Any CPU.ActiveCfg = Release|Any CPU
		{AF804B1B-9CAD-4212-9F9A-AC5CD2CB9062}.Release|Any CPU.Build.0 = Release|Any CPU
		{C47AA0CA-38D8-4B6D-97B5-32278D2BBB48}.Debug|Any CPU.ActiveCfg = Debug|Any CPU
		{C47AA0CA-38D8-4B6D-97B5-32278D2BBB48}.Debug|Any CPU.Build.0 = Debug|Any CPU
		{C47AA0CA-38D8-4B6D-97B5-32278D2BBB48}.Release|Any CPU.ActiveCfg = Release|Any CPU
		{C47AA0CA-38D8-4B6D-97B5-32278D2BBB48}.Release|Any CPU.Build.0 = Release|Any CPU
		{674F227B-B427-4A18-96FA-487DC6311001}.Debug|Any CPU.ActiveCfg = Debug|Any CPU
		{674F227B-B427-4A18-96FA-487DC6311001}.Debug|Any CPU.Build.0 = Debug|Any CPU
		{674F227B-B427-4A18-96FA-487DC6311001}.Release|Any CPU.ActiveCfg = Release|Any CPU
		{674F227B-B427-4A18-96FA-487DC6311001}.Release|Any CPU.Build.0 = Release|Any CPU
		{818D8BEF-476B-4303-BC71-1C3B0EEA1A78}.Debug|Any CPU.ActiveCfg = Debug|Any CPU
		{818D8BEF-476B-4303-BC71-1C3B0EEA1A78}.Debug|Any CPU.Build.0 = Debug|Any CPU
		{818D8BEF-476B-4303-BC71-1C3B0EEA1A78}.Release|Any CPU.ActiveCfg = Release|Any CPU
		{818D8BEF-476B-4303-BC71-1C3B0EEA1A78}.Release|Any CPU.Build.0 = Release|Any CPU
		{D83D462A-4876-49F2-8FC1-E7B7C3B92173}.Debug|Any CPU.ActiveCfg = Debug|Any CPU
		{D83D462A-4876-49F2-8FC1-E7B7C3B92173}.Debug|Any CPU.Build.0 = Debug|Any CPU
		{D83D462A-4876-49F2-8FC1-E7B7C3B92173}.Release|Any CPU.ActiveCfg = Release|Any CPU
		{D83D462A-4876-49F2-8FC1-E7B7C3B92173}.Release|Any CPU.Build.0 = Release|Any CPU
		{6E6A7E1E-EF44-4AAC-9F2E-1E754B918624}.Debug|Any CPU.ActiveCfg = Debug|Any CPU
		{6E6A7E1E-EF44-4AAC-9F2E-1E754B918624}.Debug|Any CPU.Build.0 = Debug|Any CPU
		{6E6A7E1E-EF44-4AAC-9F2E-1E754B918624}.Release|Any CPU.ActiveCfg = Release|Any CPU
		{6E6A7E1E-EF44-4AAC-9F2E-1E754B918624}.Release|Any CPU.Build.0 = Release|Any CPU
		{BC893717-B555-4274-9D3C-58F246D209BF}.Debug|Any CPU.ActiveCfg = Debug|Any CPU
		{BC893717-B555-4274-9D3C-58F246D209BF}.Debug|Any CPU.Build.0 = Debug|Any CPU
		{BC893717-B555-4274-9D3C-58F246D209BF}.Release|Any CPU.ActiveCfg = Release|Any CPU
		{BC893717-B555-4274-9D3C-58F246D209BF}.Release|Any CPU.Build.0 = Release|Any CPU
		{44196F4E-3075-4027-A6D8-7ECA668C9AAA}.Debug|Any CPU.ActiveCfg = Debug|Any CPU
		{44196F4E-3075-4027-A6D8-7ECA668C9AAA}.Debug|Any CPU.Build.0 = Debug|Any CPU
		{44196F4E-3075-4027-A6D8-7ECA668C9AAA}.Release|Any CPU.ActiveCfg = Release|Any CPU
		{44196F4E-3075-4027-A6D8-7ECA668C9AAA}.Release|Any CPU.Build.0 = Release|Any CPU
		{4279D9F7-EAF2-4F8C-BACE-7D6011CDB078}.Debug|Any CPU.ActiveCfg = Debug|Any CPU
		{4279D9F7-EAF2-4F8C-BACE-7D6011CDB078}.Debug|Any CPU.Build.0 = Debug|Any CPU
		{4279D9F7-EAF2-4F8C-BACE-7D6011CDB078}.Release|Any CPU.ActiveCfg = Release|Any CPU
		{4279D9F7-EAF2-4F8C-BACE-7D6011CDB078}.Release|Any CPU.Build.0 = Release|Any CPU
		{0D5F02A5-C66F-498A-AD75-B3FE481C04E0}.Debug|Any CPU.ActiveCfg = Debug|Any CPU
		{0D5F02A5-C66F-498A-AD75-B3FE481C04E0}.Debug|Any CPU.Build.0 = Debug|Any CPU
		{0D5F02A5-C66F-498A-AD75-B3FE481C04E0}.Release|Any CPU.ActiveCfg = Release|Any CPU
		{0D5F02A5-C66F-498A-AD75-B3FE481C04E0}.Release|Any CPU.Build.0 = Release|Any CPU
	EndGlobalSection
	GlobalSection(SolutionProperties) = preSolution
		HideSolutionNode = FALSE
	EndGlobalSection
	GlobalSection(NestedProjects) = preSolution
		{39D42E93-95BF-44E0-B58B-9B7F994C1FE2} = {02EA681E-C7D8-13C7-8484-4AC65E1B71E8}
		{00BADA21-7ECF-446E-B9FC-DB9B74D9A697} = {02EA681E-C7D8-13C7-8484-4AC65E1B71E8}
		{516BD583-5112-429F-9DB7-3F1921FFC3C1} = {02EA681E-C7D8-13C7-8484-4AC65E1B71E8}
		{4EBD5402-63F8-42B7-B7E2-F271DA923766} = {DECB0BF0-F084-44D7-AC94-C76CF2AAD03D}
		{1377B994-494A-42E8-A11E-FA3153FA65DE} = {DECB0BF0-F084-44D7-AC94-C76CF2AAD03D}
		{14408461-6243-4D09-AC35-DD3B6FDC2D9B} = {DECB0BF0-F084-44D7-AC94-C76CF2AAD03D}
		{84569A92-1409-4E69-9FEA-DC17E89662EC} = {671191EC-F34A-4EE3-B5AF-1801784B409C}
		{3210E171-3E76-4223-BD21-9606B315D186} = {671191EC-F34A-4EE3-B5AF-1801784B409C}
		{C450DC13-246B-4B49-966C-9ADC780313F0} = {671191EC-F34A-4EE3-B5AF-1801784B409C}
		{BAC5017D-DA4B-4EB9-B20F-F4A877946037} = {0E6E48D4-E47C-47E4-B6F8-D169810D8FF4}
		{F0662A3C-C544-447D-848A-88DE2E7FF87A} = {0E6E48D4-E47C-47E4-B6F8-D169810D8FF4}
		{503F503B-A5D3-490C-BBB7-B5D719F900D6} = {0E6E48D4-E47C-47E4-B6F8-D169810D8FF4}
		{DD82A1BA-A3FB-493E-ABC7-91C9C256EE07} = {A29952BB-ADDC-4150-B67D-BF38AFEDCFB8}
		{8C972C19-99DD-46FB-8B4A-7746EB92ACE7} = {A29952BB-ADDC-4150-B67D-BF38AFEDCFB8}
		{AF804B1B-9CAD-4212-9F9A-AC5CD2CB9062} = {A29952BB-ADDC-4150-B67D-BF38AFEDCFB8}
		{C47AA0CA-38D8-4B6D-97B5-32278D2BBB48} = {B1106CD0-1925-4AD4-8467-3C6FAA8B213E}
		{674F227B-B427-4A18-96FA-487DC6311001} = {B1106CD0-1925-4AD4-8467-3C6FAA8B213E}
		{818D8BEF-476B-4303-BC71-1C3B0EEA1A78} = {B1106CD0-1925-4AD4-8467-3C6FAA8B213E}
		{D83D462A-4876-49F2-8FC1-E7B7C3B92173} = {E58904B7-2880-4B57-A0CF-23DA55D29A61}
		{6E6A7E1E-EF44-4AAC-9F2E-1E754B918624} = {E58904B7-2880-4B57-A0CF-23DA55D29A61}
		{BC893717-B555-4274-9D3C-58F246D209BF} = {E58904B7-2880-4B57-A0CF-23DA55D29A61}
		{44196F4E-3075-4027-A6D8-7ECA668C9AAA} = {40DBB521-CFD1-4137-BC91-A3E5F054D958}
		{4279D9F7-EAF2-4F8C-BACE-7D6011CDB078} = {40DBB521-CFD1-4137-BC91-A3E5F054D958}
		{0D5F02A5-C66F-498A-AD75-B3FE481C04E0} = {40DBB521-CFD1-4137-BC91-A3E5F054D958}
	EndGlobalSection
	GlobalSection(ExtensibilityGlobals) = postSolution
		SolutionGuid = {01C70739-BDC8-43F0-9B5C-A2D693A16565}
	EndGlobalSection
EndGlobal
